
Microsoft Visual Studio Solution File, Format Version 12.00
# Visual Studio Version 17
VisualStudioVersion = 17.7.34031.279
MinimumVisualStudioVersion = 10.0.40219.1
Project("{FAE04EC0-301F-11D3-BF4B-00C04F79EFBC}") = "Shapes", "Shapes\Shapes.csproj", "{CFB649B8-6E6A-4C74-82DE-A508B9A29A9A}"
EndProject
Project("{FAE04EC0-301F-11D3-BF4B-00C04F79EFBC}") = "Shapes.Test", "Shapes.Test\Shapes.Test.csproj", "{523D57E1-D644-4170-98CF-3DB725CE86BD}"
EndProject
Global
	GlobalSection(SolutionConfigurationPlatforms) = preSolution
		Debug|Any CPU = Debug|Any CPU
		Release|Any CPU = Release|Any CPU
	EndGlobalSection
	GlobalSection(ProjectConfigurationPlatforms) = postSolution
		{CFB649B8-6E6A-4C74-82DE-A508B9A29A9A}.Debug|Any CPU.ActiveCfg = Debug|Any CPU
		{CFB649B8-6E6A-4C74-82DE-A508B9A29A9A}.Debug|Any CPU.Build.0 = Debug|Any CPU
		{CFB649B8-6E6A-4C74-82DE-A508B9A29A9A}.Release|Any CPU.ActiveCfg = Release|Any CPU
		{CFB649B8-6E6A-4C74-82DE-A508B9A29A9A}.Release|Any CPU.Build.0 = Release|Any CPU
		{523D57E1-D644-4170-98CF-3DB725CE86BD}.Debug|Any CPU.ActiveCfg = Debug|Any CPU
		{523D57E1-D644-4170-98CF-3DB725CE86BD}.Debug|Any CPU.Build.0 = Debug|Any CPU
		{523D57E1-D644-4170-98CF-3DB725CE86BD}.Release|Any CPU.ActiveCfg = Release|Any CPU
		{523D57E1-D644-4170-98CF-3DB725CE86BD}.Release|Any CPU.Build.0 = Release|Any CPU
	EndGlobalSection
	GlobalSection(SolutionProperties) = preSolution
		HideSolutionNode = FALSE
	EndGlobalSection
	GlobalSection(ExtensibilityGlobals) = postSolution
		SolutionGuid = {B63F2191-DD12-47FC-A2A7-3D4D1E3083AC}
	EndGlobalSection
EndGlobal
